
Microsoft Visual Studio Solution File, Format Version 12.00
# Visual Studio Version 16
VisualStudioVersion = 16.0.28922.388
MinimumVisualStudioVersion = 10.0.40219.1
Project("{FAE04EC0-301F-11D3-BF4B-00C04F79EFBC}") = "IOGateway", "IOGateway\IOGateway.csproj", "{5A003D8C-410F-4D0D-BD5D-65E08501CF31}"
EndProject
Global
	GlobalSection(SolutionConfigurationPlatforms) = preSolution
		Debug|Any CPU = Debug|Any CPU
		Release|Any CPU = Release|Any CPU
	EndGlobalSection
	GlobalSection(ProjectConfigurationPlatforms) = postSolution
		{5A003D8C-410F-4D0D-BD5D-65E08501CF31}.Debug|Any CPU.ActiveCfg = Debug|Any CPU
		{5A003D8C-410F-4D0D-BD5D-65E08501CF31}.Debug|Any CPU.Build.0 = Debug|Any CPU
		{5A003D8C-410F-4D0D-BD5D-65E08501CF31}.Release|Any CPU.ActiveCfg = Release|Any CPU
		{5A003D8C-410F-4D0D-BD5D-65E08501CF31}.Release|Any CPU.Build.0 = Release|Any CPU
	EndGlobalSection
	GlobalSection(SolutionProperties) = preSolution
		HideSolutionNode = FALSE
	EndGlobalSection
	GlobalSection(ExtensibilityGlobals) = postSolution
		SolutionGuid = {85951F32-BADC-4704-ACE1-5379B3F23316}
	EndGlobalSection
EndGlobal
